// !$*UTF8*$!
{
	archiveVersion = 1;
	classes = {
	};
	objectVersion = 46;
	objects = {

/* Begin PBXBuildFile section */
		401DC5EEE9E052F3CB8497B8 /* Pods_NanoGirlsTests.framework in Frameworks */ = {isa = PBXBuildFile; fileRef = 44775B99097C735DD5D89768 /* Pods_NanoGirlsTests.framework */; };
		57A9018D1E538CAB00EDAE9A /* NewAccountViewController.swift in Sources */ = {isa = PBXBuildFile; fileRef = 57A9018C1E538CAB00EDAE9A /* NewAccountViewController.swift */; };
		6282FC301DC114E000CC018D /* MiniGame1ViewController.swift in Sources */ = {isa = PBXBuildFile; fileRef = 6282FC2F1DC114E000CC018D /* MiniGame1ViewController.swift */; };
		6288CD881DF3E69500CF7064 /* TempBackgroundNew.jpg in Resources */ = {isa = PBXBuildFile; fileRef = 6288CD871DF3E69500CF7064 /* TempBackgroundNew.jpg */; };
		6288CD8A1DF3E89600CF7064 /* oie_transparent.png in Resources */ = {isa = PBXBuildFile; fileRef = 6288CD891DF3E89600CF7064 /* oie_transparent.png */; };
		62C6514E1DDC208800B63E8C /* paddle.png in Resources */ = {isa = PBXBuildFile; fileRef = 62C6514D1DDC208800B63E8C /* paddle.png */; };
		62C651501DDC208C00B63E8C /* url.jpg in Resources */ = {isa = PBXBuildFile; fileRef = 62C6514F1DDC208C00B63E8C /* url.jpg */; };
		8343B464B6A50883EB71829C /* Pods_NanoGirls.framework in Frameworks */ = {isa = PBXBuildFile; fileRef = A3FA55CE2451CA7E7AF5BD98 /* Pods_NanoGirls.framework */; };
		B6C3722B001A9067241AAC9A /* Pods_NanoGirlsUITests.framework in Frameworks */ = {isa = PBXBuildFile; fileRef = F2EE4EE76E2F84DA32E5B991 /* Pods_NanoGirlsUITests.framework */; };
		C3183E1E1DD2B0B3003B0644 /* Unknown in Resources */ = {isa = PBXBuildFile; fileRef = C3183E1D1DD2B0B3003B0644 /* Unknown */; };
		C38ADC0A1DB6FD5B005661E2 /* HelpPageViewController.swift in Sources */ = {isa = PBXBuildFile; fileRef = C38ADC091DB6FD5B005661E2 /* HelpPageViewController.swift */; };
		C38ADC0C1DB71963005661E2 /* LoginPageViewController.swift in Sources */ = {isa = PBXBuildFile; fileRef = C38ADC0B1DB71963005661E2 /* LoginPageViewController.swift */; };
		C3CF0DC41DDB718300F8D4DA /* GoogleService-Info.plist in Resources */ = {isa = PBXBuildFile; fileRef = C3CF0DC31DDB718300F8D4DA /* GoogleService-Info.plist */; };
		CE2E15891DB5726600C3AA8F /* AppDelegate.swift in Sources */ = {isa = PBXBuildFile; fileRef = CE2E15881DB5726600C3AA8F /* AppDelegate.swift */; };
		CE2E158B1DB5726600C3AA8F /* ViewController.swift in Sources */ = {isa = PBXBuildFile; fileRef = CE2E158A1DB5726600C3AA8F /* ViewController.swift */; };
		CE2E158E1DB5726600C3AA8F /* Main.storyboard in Resources */ = {isa = PBXBuildFile; fileRef = CE2E158C1DB5726600C3AA8F /* Main.storyboard */; };
		CE2E15911DB5726700C3AA8F /* NanoGirls.xcdatamodeld in Sources */ = {isa = PBXBuildFile; fileRef = CE2E158F1DB5726700C3AA8F /* NanoGirls.xcdatamodeld */; };
		CE2E15931DB5726700C3AA8F /* Assets.xcassets in Resources */ = {isa = PBXBuildFile; fileRef = CE2E15921DB5726700C3AA8F /* Assets.xcassets */; };
		CE2E15961DB5726700C3AA8F /* LaunchScreen.storyboard in Resources */ = {isa = PBXBuildFile; fileRef = CE2E15941DB5726700C3AA8F /* LaunchScreen.storyboard */; };
		CE2E15A11DB5726700C3AA8F /* NanoGirlsTests.swift in Sources */ = {isa = PBXBuildFile; fileRef = CE2E15A01DB5726700C3AA8F /* NanoGirlsTests.swift */; };
		CE2E15AC1DB5726700C3AA8F /* NanoGirlsUITests.swift in Sources */ = {isa = PBXBuildFile; fileRef = CE2E15AB1DB5726700C3AA8F /* NanoGirlsUITests.swift */; };
		CE2E15BB1DB5734700C3AA8F /* HomePageViewController.swift in Sources */ = {isa = PBXBuildFile; fileRef = CE2E15BA1DB5734700C3AA8F /* HomePageViewController.swift */; };
		CE2E15BD1DB5776C00C3AA8F /* Colors.swift in Sources */ = {isa = PBXBuildFile; fileRef = CE2E15BC1DB5776C00C3AA8F /* Colors.swift */; };
		CE3D50231DBE8C1400E3AB40 /* QuestionPageViewController.swift in Sources */ = {isa = PBXBuildFile; fileRef = CE3D50221DBE8C1400E3AB40 /* QuestionPageViewController.swift */; };
		CE8264661DDCC14D00F932CB /* IMG_8667-1.jpeg in Resources */ = {isa = PBXBuildFile; fileRef = CE8264651DDCC14D00F932CB /* IMG_8667-1.jpeg */; };
		CE8264681DDCC6A100F932CB /* LessonPageViewController.swift in Sources */ = {isa = PBXBuildFile; fileRef = CE8264671DDCC6A100F932CB /* LessonPageViewController.swift */; };
		CE8FEA9C1E666DEC00B1C970 /* SoundAttempt1.mp3 in Resources */ = {isa = PBXBuildFile; fileRef = CE8FEA9B1E666DEC00B1C970 /* SoundAttempt1.mp3 */; };
		CE8FEA9E1E666EAD00B1C970 /* OriginStoryViewController.swift in Sources */ = {isa = PBXBuildFile; fileRef = CE8FEA9D1E666EAD00B1C970 /* OriginStoryViewController.swift */; };
		CE967D271DC245C200E00D4C /* thecat.jpg in Resources */ = {isa = PBXBuildFile; fileRef = CE967D261DC245C200E00D4C /* thecat.jpg */; };
		D21B16681E4138B100014562 /* MiniGame2ViewController.swift in Sources */ = {isa = PBXBuildFile; fileRef = D21B16671E4138B100014562 /* MiniGame2ViewController.swift */; };
		D22A20C01E787E2300ED2403 /* MiniGame2Part2ViewController.swift in Sources */ = {isa = PBXBuildFile; fileRef = D22A20BF1E787E2300ED2403 /* MiniGame2Part2ViewController.swift */; };
		D2599B6F1E771AAC00D9E077 /* LessonPage2MiniGame1.swift in Sources */ = {isa = PBXBuildFile; fileRef = D2599B6E1E771AAC00D9E077 /* LessonPage2MiniGame1.swift */; };
		EEB8260A1E6602C6004A1DDA /* TutorialViewController.swift in Sources */ = {isa = PBXBuildFile; fileRef = EEB826091E6602C6004A1DDA /* TutorialViewController.swift */; };
/* End PBXBuildFile section */

/* Begin PBXContainerItemProxy section */
		CE2E159D1DB5726700C3AA8F /* PBXContainerItemProxy */ = {
			isa = PBXContainerItemProxy;
			containerPortal = CE2E157D1DB5726600C3AA8F /* Project object */;
			proxyType = 1;
			remoteGlobalIDString = CE2E15841DB5726600C3AA8F;
			remoteInfo = NanoGirls;
		};
		CE2E15A81DB5726700C3AA8F /* PBXContainerItemProxy */ = {
			isa = PBXContainerItemProxy;
			containerPortal = CE2E157D1DB5726600C3AA8F /* Project object */;
			proxyType = 1;
			remoteGlobalIDString = CE2E15841DB5726600C3AA8F;
			remoteInfo = NanoGirls;
		};
/* End PBXContainerItemProxy section */

/* Begin PBXFileReference section */
		10ED48EC7D1B147DF17C3F42 /* Pods-NanoGirlsTests.release.xcconfig */ = {isa = PBXFileReference; includeInIndex = 1; lastKnownFileType = text.xcconfig; name = "Pods-NanoGirlsTests.release.xcconfig"; path = "Pods/Target Support Files/Pods-NanoGirlsTests/Pods-NanoGirlsTests.release.xcconfig"; sourceTree = "<group>"; };
		44775B99097C735DD5D89768 /* Pods_NanoGirlsTests.framework */ = {isa = PBXFileReference; explicitFileType = wrapper.framework; includeInIndex = 0; path = Pods_NanoGirlsTests.framework; sourceTree = BUILT_PRODUCTS_DIR; };
		4F75C7E6B4FCCB386F607957 /* Pods-NanoGirlsTests.debug.xcconfig */ = {isa = PBXFileReference; includeInIndex = 1; lastKnownFileType = text.xcconfig; name = "Pods-NanoGirlsTests.debug.xcconfig"; path = "Pods/Target Support Files/Pods-NanoGirlsTests/Pods-NanoGirlsTests.debug.xcconfig"; sourceTree = "<group>"; };
		57A9018C1E538CAB00EDAE9A /* NewAccountViewController.swift */ = {isa = PBXFileReference; fileEncoding = 4; lastKnownFileType = sourcecode.swift; path = NewAccountViewController.swift; sourceTree = "<group>"; };
		5FA3351D94E4BE04E7E4987A /* Pods-NanoGirlsUITests.debug.xcconfig */ = {isa = PBXFileReference; includeInIndex = 1; lastKnownFileType = text.xcconfig; name = "Pods-NanoGirlsUITests.debug.xcconfig"; path = "Pods/Target Support Files/Pods-NanoGirlsUITests/Pods-NanoGirlsUITests.debug.xcconfig"; sourceTree = "<group>"; };
		6282FC2F1DC114E000CC018D /* MiniGame1ViewController.swift */ = {isa = PBXFileReference; fileEncoding = 4; lastKnownFileType = sourcecode.swift; path = MiniGame1ViewController.swift; sourceTree = "<group>"; };
		6288CD871DF3E69500CF7064 /* TempBackgroundNew.jpg */ = {isa = PBXFileReference; lastKnownFileType = image.jpeg; path = TempBackgroundNew.jpg; sourceTree = "<group>"; };
		6288CD891DF3E89600CF7064 /* oie_transparent.png */ = {isa = PBXFileReference; lastKnownFileType = image.png; path = oie_transparent.png; sourceTree = "<group>"; };
		62C6514D1DDC208800B63E8C /* paddle.png */ = {isa = PBXFileReference; lastKnownFileType = image.png; path = paddle.png; sourceTree = "<group>"; };
		62C6514F1DDC208C00B63E8C /* url.jpg */ = {isa = PBXFileReference; lastKnownFileType = image.jpeg; path = url.jpg; sourceTree = "<group>"; };
		A3FA55CE2451CA7E7AF5BD98 /* Pods_NanoGirls.framework */ = {isa = PBXFileReference; explicitFileType = wrapper.framework; includeInIndex = 0; path = Pods_NanoGirls.framework; sourceTree = BUILT_PRODUCTS_DIR; };
		B88E43DAA43710B7FD0CD618 /* Pods-NanoGirlsUITests.release.xcconfig */ = {isa = PBXFileReference; includeInIndex = 1; lastKnownFileType = text.xcconfig; name = "Pods-NanoGirlsUITests.release.xcconfig"; path = "Pods/Target Support Files/Pods-NanoGirlsUITests/Pods-NanoGirlsUITests.release.xcconfig"; sourceTree = "<group>"; };
		C03543DCD4C4BF6E5AD361B0 /* Pods-NanoGirls.release.xcconfig */ = {isa = PBXFileReference; includeInIndex = 1; lastKnownFileType = text.xcconfig; name = "Pods-NanoGirls.release.xcconfig"; path = "Pods/Target Support Files/Pods-NanoGirls/Pods-NanoGirls.release.xcconfig"; sourceTree = "<group>"; };
		C3183E1D1DD2B0B3003B0644 /* Unknown */ = {isa = PBXFileReference; fileEncoding = 4; lastKnownFileType = text.xml; path = Unknown; sourceTree = "<group>"; };
		C38ADC091DB6FD5B005661E2 /* HelpPageViewController.swift */ = {isa = PBXFileReference; fileEncoding = 4; lastKnownFileType = sourcecode.swift; lineEnding = 0; path = HelpPageViewController.swift; sourceTree = "<group>"; usesTabs = 0; };
		C38ADC0B1DB71963005661E2 /* LoginPageViewController.swift */ = {isa = PBXFileReference; fileEncoding = 4; lastKnownFileType = sourcecode.swift; path = LoginPageViewController.swift; sourceTree = "<group>"; };
		C3CF0DC31DDB718300F8D4DA /* GoogleService-Info.plist */ = {isa = PBXFileReference; fileEncoding = 4; lastKnownFileType = text.plist.xml; path = "GoogleService-Info.plist"; sourceTree = "<group>"; };
		CE2E15851DB5726600C3AA8F /* NanoGirls.app */ = {isa = PBXFileReference; explicitFileType = wrapper.application; includeInIndex = 0; path = NanoGirls.app; sourceTree = BUILT_PRODUCTS_DIR; };
		CE2E15881DB5726600C3AA8F /* AppDelegate.swift */ = {isa = PBXFileReference; lastKnownFileType = sourcecode.swift; path = AppDelegate.swift; sourceTree = "<group>"; };
		CE2E158A1DB5726600C3AA8F /* ViewController.swift */ = {isa = PBXFileReference; lastKnownFileType = sourcecode.swift; path = ViewController.swift; sourceTree = "<group>"; };
		CE2E158D1DB5726600C3AA8F /* Base */ = {isa = PBXFileReference; lastKnownFileType = file.storyboard; name = Base; path = Base.lproj/Main.storyboard; sourceTree = "<group>"; };
		CE2E15901DB5726700C3AA8F /* NanoGirls.xcdatamodel */ = {isa = PBXFileReference; lastKnownFileType = wrapper.xcdatamodel; path = NanoGirls.xcdatamodel; sourceTree = "<group>"; };
		CE2E15921DB5726700C3AA8F /* Assets.xcassets */ = {isa = PBXFileReference; lastKnownFileType = folder.assetcatalog; path = Assets.xcassets; sourceTree = "<group>"; };
		CE2E15951DB5726700C3AA8F /* Base */ = {isa = PBXFileReference; lastKnownFileType = file.storyboard; name = Base; path = Base.lproj/LaunchScreen.storyboard; sourceTree = "<group>"; };
		CE2E15971DB5726700C3AA8F /* Info.plist */ = {isa = PBXFileReference; lastKnownFileType = text.plist.xml; path = Info.plist; sourceTree = "<group>"; };
		CE2E159C1DB5726700C3AA8F /* NanoGirlsTests.xctest */ = {isa = PBXFileReference; explicitFileType = wrapper.cfbundle; includeInIndex = 0; path = NanoGirlsTests.xctest; sourceTree = BUILT_PRODUCTS_DIR; };
		CE2E15A01DB5726700C3AA8F /* NanoGirlsTests.swift */ = {isa = PBXFileReference; lastKnownFileType = sourcecode.swift; path = NanoGirlsTests.swift; sourceTree = "<group>"; };
		CE2E15A21DB5726700C3AA8F /* Info.plist */ = {isa = PBXFileReference; lastKnownFileType = text.plist.xml; path = Info.plist; sourceTree = "<group>"; };
		CE2E15A71DB5726700C3AA8F /* NanoGirlsUITests.xctest */ = {isa = PBXFileReference; explicitFileType = wrapper.cfbundle; includeInIndex = 0; path = NanoGirlsUITests.xctest; sourceTree = BUILT_PRODUCTS_DIR; };
		CE2E15AB1DB5726700C3AA8F /* NanoGirlsUITests.swift */ = {isa = PBXFileReference; lastKnownFileType = sourcecode.swift; path = NanoGirlsUITests.swift; sourceTree = "<group>"; };
		CE2E15AD1DB5726700C3AA8F /* Info.plist */ = {isa = PBXFileReference; lastKnownFileType = text.plist.xml; path = Info.plist; sourceTree = "<group>"; };
		CE2E15BA1DB5734700C3AA8F /* HomePageViewController.swift */ = {isa = PBXFileReference; fileEncoding = 4; lastKnownFileType = sourcecode.swift; path = HomePageViewController.swift; sourceTree = "<group>"; };
		CE2E15BC1DB5776C00C3AA8F /* Colors.swift */ = {isa = PBXFileReference; fileEncoding = 4; lastKnownFileType = sourcecode.swift; path = Colors.swift; sourceTree = "<group>"; };
		CE3D50221DBE8C1400E3AB40 /* QuestionPageViewController.swift */ = {isa = PBXFileReference; fileEncoding = 4; lastKnownFileType = sourcecode.swift; path = QuestionPageViewController.swift; sourceTree = "<group>"; };
		CE8264651DDCC14D00F932CB /* IMG_8667-1.jpeg */ = {isa = PBXFileReference; lastKnownFileType = image.jpeg; path = "IMG_8667-1.jpeg"; sourceTree = "<group>"; };
		CE8264671DDCC6A100F932CB /* LessonPageViewController.swift */ = {isa = PBXFileReference; fileEncoding = 4; lastKnownFileType = sourcecode.swift; path = LessonPageViewController.swift; sourceTree = "<group>"; };
		CE8FEA9B1E666DEC00B1C970 /* SoundAttempt1.mp3 */ = {isa = PBXFileReference; lastKnownFileType = audio.mp3; path = SoundAttempt1.mp3; sourceTree = "<group>"; };
		CE8FEA9D1E666EAD00B1C970 /* OriginStoryViewController.swift */ = {isa = PBXFileReference; fileEncoding = 4; lastKnownFileType = sourcecode.swift; path = OriginStoryViewController.swift; sourceTree = "<group>"; };
		CE967D261DC245C200E00D4C /* thecat.jpg */ = {isa = PBXFileReference; lastKnownFileType = image.jpeg; path = thecat.jpg; sourceTree = "<group>"; };
		D21B16671E4138B100014562 /* MiniGame2ViewController.swift */ = {isa = PBXFileReference; fileEncoding = 4; lastKnownFileType = sourcecode.swift; path = MiniGame2ViewController.swift; sourceTree = "<group>"; };
		D22A20BF1E787E2300ED2403 /* MiniGame2Part2ViewController.swift */ = {isa = PBXFileReference; fileEncoding = 4; lastKnownFileType = sourcecode.swift; path = MiniGame2Part2ViewController.swift; sourceTree = "<group>"; };
		D2599B6E1E771AAC00D9E077 /* LessonPage2MiniGame1.swift */ = {isa = PBXFileReference; fileEncoding = 4; lastKnownFileType = sourcecode.swift; path = LessonPage2MiniGame1.swift; sourceTree = "<group>"; };
		EEB826091E6602C6004A1DDA /* TutorialViewController.swift */ = {isa = PBXFileReference; fileEncoding = 4; lastKnownFileType = sourcecode.swift; path = TutorialViewController.swift; sourceTree = "<group>"; };
		F2EE4EE76E2F84DA32E5B991 /* Pods_NanoGirlsUITests.framework */ = {isa = PBXFileReference; explicitFileType = wrapper.framework; includeInIndex = 0; path = Pods_NanoGirlsUITests.framework; sourceTree = BUILT_PRODUCTS_DIR; };
		FB9E9FA4E3A931FDF4D84313 /* Pods-NanoGirls.debug.xcconfig */ = {isa = PBXFileReference; includeInIndex = 1; lastKnownFileType = text.xcconfig; name = "Pods-NanoGirls.debug.xcconfig"; path = "Pods/Target Support Files/Pods-NanoGirls/Pods-NanoGirls.debug.xcconfig"; sourceTree = "<group>"; };
/* End PBXFileReference section */

/* Begin PBXFrameworksBuildPhase section */
		CE2E15821DB5726600C3AA8F /* Frameworks */ = {
			isa = PBXFrameworksBuildPhase;
			buildActionMask = 2147483647;
			files = (
				8343B464B6A50883EB71829C /* Pods_NanoGirls.framework in Frameworks */,
			);
			runOnlyForDeploymentPostprocessing = 0;
		};
		CE2E15991DB5726700C3AA8F /* Frameworks */ = {
			isa = PBXFrameworksBuildPhase;
			buildActionMask = 2147483647;
			files = (
				401DC5EEE9E052F3CB8497B8 /* Pods_NanoGirlsTests.framework in Frameworks */,
			);
			runOnlyForDeploymentPostprocessing = 0;
		};
		CE2E15A41DB5726700C3AA8F /* Frameworks */ = {
			isa = PBXFrameworksBuildPhase;
			buildActionMask = 2147483647;
			files = (
				B6C3722B001A9067241AAC9A /* Pods_NanoGirlsUITests.framework in Frameworks */,
			);
			runOnlyForDeploymentPostprocessing = 0;
		};
/* End PBXFrameworksBuildPhase section */

/* Begin PBXGroup section */
		90231863CC8D5E544B454AFF /* Pods */ = {
			isa = PBXGroup;
			children = (
				FB9E9FA4E3A931FDF4D84313 /* Pods-NanoGirls.debug.xcconfig */,
				C03543DCD4C4BF6E5AD361B0 /* Pods-NanoGirls.release.xcconfig */,
				4F75C7E6B4FCCB386F607957 /* Pods-NanoGirlsTests.debug.xcconfig */,
				10ED48EC7D1B147DF17C3F42 /* Pods-NanoGirlsTests.release.xcconfig */,
				5FA3351D94E4BE04E7E4987A /* Pods-NanoGirlsUITests.debug.xcconfig */,
				B88E43DAA43710B7FD0CD618 /* Pods-NanoGirlsUITests.release.xcconfig */,
			);
			name = Pods;
			sourceTree = "<group>";
		};
		CE2E157C1DB5726600C3AA8F = {
			isa = PBXGroup;
			children = (
				CE2E15871DB5726600C3AA8F /* NanoGirls */,
				CE2E159F1DB5726700C3AA8F /* NanoGirlsTests */,
				CE2E15AA1DB5726700C3AA8F /* NanoGirlsUITests */,
				CE2E15861DB5726600C3AA8F /* Products */,
				90231863CC8D5E544B454AFF /* Pods */,
				E9109E9ABE1B4968347A82AA /* Frameworks */,
			);
			sourceTree = "<group>";
		};
		CE2E15861DB5726600C3AA8F /* Products */ = {
			isa = PBXGroup;
			children = (
				CE2E15851DB5726600C3AA8F /* NanoGirls.app */,
				CE2E159C1DB5726700C3AA8F /* NanoGirlsTests.xctest */,
				CE2E15A71DB5726700C3AA8F /* NanoGirlsUITests.xctest */,
			);
			name = Products;
			sourceTree = "<group>";
		};
		CE2E15871DB5726600C3AA8F /* NanoGirls */ = {
			isa = PBXGroup;
			children = (
				CE967D251DC245AF00E00D4C /* Images */,
				CE2E15881DB5726600C3AA8F /* AppDelegate.swift */,
				CE2E158A1DB5726600C3AA8F /* ViewController.swift */,
				CE2E158C1DB5726600C3AA8F /* Main.storyboard */,
				CE2E15BC1DB5776C00C3AA8F /* Colors.swift */,
				CE2E15B91DB5730F00C3AA8F /* ViewControllers */,
				CE2E15921DB5726700C3AA8F /* Assets.xcassets */,
				CE8264651DDCC14D00F932CB /* IMG_8667-1.jpeg */,
				CE2E15941DB5726700C3AA8F /* LaunchScreen.storyboard */,
				C3183E1D1DD2B0B3003B0644 /* Unknown */,
				CE2E15971DB5726700C3AA8F /* Info.plist */,
				C3CF0DC31DDB718300F8D4DA /* GoogleService-Info.plist */,
				CE2E158F1DB5726700C3AA8F /* NanoGirls.xcdatamodeld */,
			);
			path = NanoGirls;
			sourceTree = "<group>";
		};
		CE2E159F1DB5726700C3AA8F /* NanoGirlsTests */ = {
			isa = PBXGroup;
			children = (
				CE2E15A01DB5726700C3AA8F /* NanoGirlsTests.swift */,
				CE2E15A21DB5726700C3AA8F /* Info.plist */,
			);
			path = NanoGirlsTests;
			sourceTree = "<group>";
		};
		CE2E15AA1DB5726700C3AA8F /* NanoGirlsUITests */ = {
			isa = PBXGroup;
			children = (
				CE2E15AB1DB5726700C3AA8F /* NanoGirlsUITests.swift */,
				CE2E15AD1DB5726700C3AA8F /* Info.plist */,
			);
			path = NanoGirlsUITests;
			sourceTree = "<group>";
		};
		CE2E15B91DB5730F00C3AA8F /* ViewControllers */ = {
			isa = PBXGroup;
			children = (
				CE8FEA9D1E666EAD00B1C970 /* OriginStoryViewController.swift */,
				D21B16671E4138B100014562 /* MiniGame2ViewController.swift */,
				EEB826091E6602C6004A1DDA /* TutorialViewController.swift */,
				CE8264671DDCC6A100F932CB /* LessonPageViewController.swift */,
				CE3D50221DBE8C1400E3AB40 /* QuestionPageViewController.swift */,
				CE2E15BA1DB5734700C3AA8F /* HomePageViewController.swift */,
				C38ADC0B1DB71963005661E2 /* LoginPageViewController.swift */,
				C38ADC091DB6FD5B005661E2 /* HelpPageViewController.swift */,
				6282FC2F1DC114E000CC018D /* MiniGame1ViewController.swift */,
				57A9018C1E538CAB00EDAE9A /* NewAccountViewController.swift */,
				D2599B6E1E771AAC00D9E077 /* LessonPage2MiniGame1.swift */,
				D22A20BF1E787E2300ED2403 /* MiniGame2Part2ViewController.swift */,
			);
			name = ViewControllers;
			sourceTree = "<group>";
		};
		CE967D251DC245AF00E00D4C /* Images */ = {
			isa = PBXGroup;
			children = (
				CE8FEA9B1E666DEC00B1C970 /* SoundAttempt1.mp3 */,
				62C6514D1DDC208800B63E8C /* paddle.png */,
				62C6514F1DDC208C00B63E8C /* url.jpg */,
				6288CD891DF3E89600CF7064 /* oie_transparent.png */,
				CE967D261DC245C200E00D4C /* thecat.jpg */,
				6288CD871DF3E69500CF7064 /* TempBackgroundNew.jpg */,
			);
			name = Images;
			sourceTree = "<group>";
		};
		E9109E9ABE1B4968347A82AA /* Frameworks */ = {
			isa = PBXGroup;
			children = (
				A3FA55CE2451CA7E7AF5BD98 /* Pods_NanoGirls.framework */,
				44775B99097C735DD5D89768 /* Pods_NanoGirlsTests.framework */,
				F2EE4EE76E2F84DA32E5B991 /* Pods_NanoGirlsUITests.framework */,
			);
			name = Frameworks;
			sourceTree = "<group>";
		};
/* End PBXGroup section */

/* Begin PBXNativeTarget section */
		CE2E15841DB5726600C3AA8F /* NanoGirls */ = {
			isa = PBXNativeTarget;
			buildConfigurationList = CE2E15B01DB5726700C3AA8F /* Build configuration list for PBXNativeTarget "NanoGirls" */;
			buildPhases = (
				A853F01E1D71213F141E98E3 /* [CP] Check Pods Manifest.lock */,
				CE2E15811DB5726600C3AA8F /* Sources */,
				CE2E15821DB5726600C3AA8F /* Frameworks */,
				CE2E15831DB5726600C3AA8F /* Resources */,
				603B518CE50EF997D574BCF3 /* [CP] Embed Pods Frameworks */,
				F96BAFAEBAF66F130E13D6A9 /* [CP] Copy Pods Resources */,
			);
			buildRules = (
			);
			dependencies = (
			);
			name = NanoGirls;
			productName = NanoGirls;
			productReference = CE2E15851DB5726600C3AA8F /* NanoGirls.app */;
			productType = "com.apple.product-type.application";
		};
		CE2E159B1DB5726700C3AA8F /* NanoGirlsTests */ = {
			isa = PBXNativeTarget;
			buildConfigurationList = CE2E15B31DB5726700C3AA8F /* Build configuration list for PBXNativeTarget "NanoGirlsTests" */;
			buildPhases = (
				D7FDAA18E3FD5DF86F2A9AD5 /* [CP] Check Pods Manifest.lock */,
				CE2E15981DB5726700C3AA8F /* Sources */,
				CE2E15991DB5726700C3AA8F /* Frameworks */,
				CE2E159A1DB5726700C3AA8F /* Resources */,
				A77BF4E2338893C0AD7FB442 /* [CP] Embed Pods Frameworks */,
				35D0A0343FFC2FF93F59D9D1 /* [CP] Copy Pods Resources */,
			);
			buildRules = (
			);
			dependencies = (
				CE2E159E1DB5726700C3AA8F /* PBXTargetDependency */,
			);
			name = NanoGirlsTests;
			productName = NanoGirlsTests;
			productReference = CE2E159C1DB5726700C3AA8F /* NanoGirlsTests.xctest */;
			productType = "com.apple.product-type.bundle.unit-test";
		};
		CE2E15A61DB5726700C3AA8F /* NanoGirlsUITests */ = {
			isa = PBXNativeTarget;
			buildConfigurationList = CE2E15B61DB5726700C3AA8F /* Build configuration list for PBXNativeTarget "NanoGirlsUITests" */;
			buildPhases = (
				E56FA2530893343A48F7C37D /* [CP] Check Pods Manifest.lock */,
				CE2E15A31DB5726700C3AA8F /* Sources */,
				CE2E15A41DB5726700C3AA8F /* Frameworks */,
				CE2E15A51DB5726700C3AA8F /* Resources */,
				717F3B6D28FB4BF13A9D90EC /* [CP] Embed Pods Frameworks */,
				9B4881F4B3C5F60952AF8CAB /* [CP] Copy Pods Resources */,
			);
			buildRules = (
			);
			dependencies = (
				CE2E15A91DB5726700C3AA8F /* PBXTargetDependency */,
			);
			name = NanoGirlsUITests;
			productName = NanoGirlsUITests;
			productReference = CE2E15A71DB5726700C3AA8F /* NanoGirlsUITests.xctest */;
			productType = "com.apple.product-type.bundle.ui-testing";
		};
/* End PBXNativeTarget section */

/* Begin PBXProject section */
		CE2E157D1DB5726600C3AA8F /* Project object */ = {
			isa = PBXProject;
			attributes = {
				LastSwiftUpdateCheck = 0730;
				LastUpgradeCheck = 0800;
				ORGANIZATIONNAME = NanoBadgers;
				TargetAttributes = {
					CE2E15841DB5726600C3AA8F = {
						CreatedOnToolsVersion = 7.3.1;
						LastSwiftMigration = 0800;
						ProvisioningStyle = Automatic;
					};
					CE2E159B1DB5726700C3AA8F = {
						CreatedOnToolsVersion = 7.3.1;
						DevelopmentTeam = M28H52F7BW;
						LastSwiftMigration = 0800;
						ProvisioningStyle = Automatic;
						TestTargetID = CE2E15841DB5726600C3AA8F;
					};
					CE2E15A61DB5726700C3AA8F = {
						CreatedOnToolsVersion = 7.3.1;
						DevelopmentTeam = M28H52F7BW;
						LastSwiftMigration = 0800;
						ProvisioningStyle = Automatic;
						TestTargetID = CE2E15841DB5726600C3AA8F;
					};
				};
			};
			buildConfigurationList = CE2E15801DB5726600C3AA8F /* Build configuration list for PBXProject "NanoGirls" */;
			compatibilityVersion = "Xcode 3.2";
			developmentRegion = English;
			hasScannedForEncodings = 0;
			knownRegions = (
				en,
				Base,
			);
			mainGroup = CE2E157C1DB5726600C3AA8F;
			productRefGroup = CE2E15861DB5726600C3AA8F /* Products */;
			projectDirPath = "";
			projectRoot = "";
			targets = (
				CE2E15841DB5726600C3AA8F /* NanoGirls */,
				CE2E159B1DB5726700C3AA8F /* NanoGirlsTests */,
				CE2E15A61DB5726700C3AA8F /* NanoGirlsUITests */,
			);
		};
/* End PBXProject section */

/* Begin PBXResourcesBuildPhase section */
		CE2E15831DB5726600C3AA8F /* Resources */ = {
			isa = PBXResourcesBuildPhase;
			buildActionMask = 2147483647;
			files = (
				CE2E15961DB5726700C3AA8F /* LaunchScreen.storyboard in Resources */,
				62C651501DDC208C00B63E8C /* url.jpg in Resources */,
				6288CD881DF3E69500CF7064 /* TempBackgroundNew.jpg in Resources */,
				C3183E1E1DD2B0B3003B0644 /* Unknown in Resources */,
				6288CD8A1DF3E89600CF7064 /* oie_transparent.png in Resources */,
				CE2E15931DB5726700C3AA8F /* Assets.xcassets in Resources */,
				CE967D271DC245C200E00D4C /* thecat.jpg in Resources */,
				CE2E158E1DB5726600C3AA8F /* Main.storyboard in Resources */,
				CE8FEA9C1E666DEC00B1C970 /* SoundAttempt1.mp3 in Resources */,
				CE8264661DDCC14D00F932CB /* IMG_8667-1.jpeg in Resources */,
				62C6514E1DDC208800B63E8C /* paddle.png in Resources */,
				C3CF0DC41DDB718300F8D4DA /* GoogleService-Info.plist in Resources */,
			);
			runOnlyForDeploymentPostprocessing = 0;
		};
		CE2E159A1DB5726700C3AA8F /* Resources */ = {
			isa = PBXResourcesBuildPhase;
			buildActionMask = 2147483647;
			files = (
			);
			runOnlyForDeploymentPostprocessing = 0;
		};
		CE2E15A51DB5726700C3AA8F /* Resources */ = {
			isa = PBXResourcesBuildPhase;
			buildActionMask = 2147483647;
			files = (
			);
			runOnlyForDeploymentPostprocessing = 0;
		};
/* End PBXResourcesBuildPhase section */

/* Begin PBXShellScriptBuildPhase section */
		35D0A0343FFC2FF93F59D9D1 /* [CP] Copy Pods Resources */ = {
			isa = PBXShellScriptBuildPhase;
			buildActionMask = 2147483647;
			files = (
			);
			inputPaths = (
			);
			name = "[CP] Copy Pods Resources";
			outputPaths = (
			);
			runOnlyForDeploymentPostprocessing = 0;
			shellPath = /bin/sh;
			shellScript = "\"${SRCROOT}/Pods/Target Support Files/Pods-NanoGirlsTests/Pods-NanoGirlsTests-resources.sh\"\n";
			showEnvVarsInLog = 0;
		};
		603B518CE50EF997D574BCF3 /* [CP] Embed Pods Frameworks */ = {
			isa = PBXShellScriptBuildPhase;
			buildActionMask = 2147483647;
			files = (
			);
			inputPaths = (
			);
			name = "[CP] Embed Pods Frameworks";
			outputPaths = (
			);
			runOnlyForDeploymentPostprocessing = 0;
			shellPath = /bin/sh;
			shellScript = "\"${SRCROOT}/Pods/Target Support Files/Pods-NanoGirls/Pods-NanoGirls-frameworks.sh\"\n";
			showEnvVarsInLog = 0;
		};
		717F3B6D28FB4BF13A9D90EC /* [CP] Embed Pods Frameworks */ = {
			isa = PBXShellScriptBuildPhase;
			buildActionMask = 2147483647;
			files = (
			);
			inputPaths = (
			);
			name = "[CP] Embed Pods Frameworks";
			outputPaths = (
			);
			runOnlyForDeploymentPostprocessing = 0;
			shellPath = /bin/sh;
			shellScript = "\"${SRCROOT}/Pods/Target Support Files/Pods-NanoGirlsUITests/Pods-NanoGirlsUITests-frameworks.sh\"\n";
			showEnvVarsInLog = 0;
		};
		9B4881F4B3C5F60952AF8CAB /* [CP] Copy Pods Resources */ = {
			isa = PBXShellScriptBuildPhase;
			buildActionMask = 2147483647;
			files = (
			);
			inputPaths = (
			);
			name = "[CP] Copy Pods Resources";
			outputPaths = (
			);
			runOnlyForDeploymentPostprocessing = 0;
			shellPath = /bin/sh;
			shellScript = "\"${SRCROOT}/Pods/Target Support Files/Pods-NanoGirlsUITests/Pods-NanoGirlsUITests-resources.sh\"\n";
			showEnvVarsInLog = 0;
		};
		A77BF4E2338893C0AD7FB442 /* [CP] Embed Pods Frameworks */ = {
			isa = PBXShellScriptBuildPhase;
			buildActionMask = 2147483647;
			files = (
			);
			inputPaths = (
			);
			name = "[CP] Embed Pods Frameworks";
			outputPaths = (
			);
			runOnlyForDeploymentPostprocessing = 0;
			shellPath = /bin/sh;
			shellScript = "\"${SRCROOT}/Pods/Target Support Files/Pods-NanoGirlsTests/Pods-NanoGirlsTests-frameworks.sh\"\n";
			showEnvVarsInLog = 0;
		};
		A853F01E1D71213F141E98E3 /* [CP] Check Pods Manifest.lock */ = {
			isa = PBXShellScriptBuildPhase;
			buildActionMask = 2147483647;
			files = (
			);
			inputPaths = (
			);
			name = "[CP] Check Pods Manifest.lock";
			outputPaths = (
			);
			runOnlyForDeploymentPostprocessing = 0;
			shellPath = /bin/sh;
			shellScript = "diff \"${PODS_ROOT}/../Podfile.lock\" \"${PODS_ROOT}/Manifest.lock\" > /dev/null\nif [ $? != 0 ] ; then\n    # print error to STDERR\n    echo \"error: The sandbox is not in sync with the Podfile.lock. Run 'pod install' or update your CocoaPods installation.\" >&2\n    exit 1\nfi\n";
			showEnvVarsInLog = 0;
		};
		D7FDAA18E3FD5DF86F2A9AD5 /* [CP] Check Pods Manifest.lock */ = {
			isa = PBXShellScriptBuildPhase;
			buildActionMask = 2147483647;
			files = (
			);
			inputPaths = (
			);
			name = "[CP] Check Pods Manifest.lock";
			outputPaths = (
			);
			runOnlyForDeploymentPostprocessing = 0;
			shellPath = /bin/sh;
			shellScript = "diff \"${PODS_ROOT}/../Podfile.lock\" \"${PODS_ROOT}/Manifest.lock\" > /dev/null\nif [ $? != 0 ] ; then\n    # print error to STDERR\n    echo \"error: The sandbox is not in sync with the Podfile.lock. Run 'pod install' or update your CocoaPods installation.\" >&2\n    exit 1\nfi\n";
			showEnvVarsInLog = 0;
		};
		E56FA2530893343A48F7C37D /* [CP] Check Pods Manifest.lock */ = {
			isa = PBXShellScriptBuildPhase;
			buildActionMask = 2147483647;
			files = (
			);
			inputPaths = (
			);
			name = "[CP] Check Pods Manifest.lock";
			outputPaths = (
			);
			runOnlyForDeploymentPostprocessing = 0;
			shellPath = /bin/sh;
			shellScript = "diff \"${PODS_ROOT}/../Podfile.lock\" \"${PODS_ROOT}/Manifest.lock\" > /dev/null\nif [ $? != 0 ] ; then\n    # print error to STDERR\n    echo \"error: The sandbox is not in sync with the Podfile.lock. Run 'pod install' or update your CocoaPods installation.\" >&2\n    exit 1\nfi\n";
			showEnvVarsInLog = 0;
		};
		F96BAFAEBAF66F130E13D6A9 /* [CP] Copy Pods Resources */ = {
			isa = PBXShellScriptBuildPhase;
			buildActionMask = 2147483647;
			files = (
			);
			inputPaths = (
			);
			name = "[CP] Copy Pods Resources";
			outputPaths = (
			);
			runOnlyForDeploymentPostprocessing = 0;
			shellPath = /bin/sh;
			shellScript = "\"${SRCROOT}/Pods/Target Support Files/Pods-NanoGirls/Pods-NanoGirls-resources.sh\"\n";
			showEnvVarsInLog = 0;
		};
/* End PBXShellScriptBuildPhase section */

/* Begin PBXSourcesBuildPhase section */
		CE2E15811DB5726600C3AA8F /* Sources */ = {
			isa = PBXSourcesBuildPhase;
			buildActionMask = 2147483647;
			files = (
				D2599B6F1E771AAC00D9E077 /* LessonPage2MiniGame1.swift in Sources */,
				D21B16681E4138B100014562 /* MiniGame2ViewController.swift in Sources */,
				C38ADC0A1DB6FD5B005661E2 /* HelpPageViewController.swift in Sources */,
				CE2E15BB1DB5734700C3AA8F /* HomePageViewController.swift in Sources */,
				CE2E15BD1DB5776C00C3AA8F /* Colors.swift in Sources */,
				CE8FEA9E1E666EAD00B1C970 /* OriginStoryViewController.swift in Sources */,
				CE8264681DDCC6A100F932CB /* LessonPageViewController.swift in Sources */,
				CE2E158B1DB5726600C3AA8F /* ViewController.swift in Sources */,
				EEB8260A1E6602C6004A1DDA /* TutorialViewController.swift in Sources */,
				D22A20C01E787E2300ED2403 /* MiniGame2Part2ViewController.swift in Sources */,
				57A9018D1E538CAB00EDAE9A /* NewAccountViewController.swift in Sources */,
				CE2E15891DB5726600C3AA8F /* AppDelegate.swift in Sources */,
				C38ADC0C1DB71963005661E2 /* LoginPageViewController.swift in Sources */,
				CE3D50231DBE8C1400E3AB40 /* QuestionPageViewController.swift in Sources */,
				CE2E15911DB5726700C3AA8F /* NanoGirls.xcdatamodeld in Sources */,
				6282FC301DC114E000CC018D /* MiniGame1ViewController.swift in Sources */,
			);
			runOnlyForDeploymentPostprocessing = 0;
		};
		CE2E15981DB5726700C3AA8F /* Sources */ = {
			isa = PBXSourcesBuildPhase;
			buildActionMask = 2147483647;
			files = (
				CE2E15A11DB5726700C3AA8F /* NanoGirlsTests.swift in Sources */,
			);
			runOnlyForDeploymentPostprocessing = 0;
		};
		CE2E15A31DB5726700C3AA8F /* Sources */ = {
			isa = PBXSourcesBuildPhase;
			buildActionMask = 2147483647;
			files = (
				CE2E15AC1DB5726700C3AA8F /* NanoGirlsUITests.swift in Sources */,
			);
			runOnlyForDeploymentPostprocessing = 0;
		};
/* End PBXSourcesBuildPhase section */

/* Begin PBXTargetDependency section */
		CE2E159E1DB5726700C3AA8F /* PBXTargetDependency */ = {
			isa = PBXTargetDependency;
			target = CE2E15841DB5726600C3AA8F /* NanoGirls */;
			targetProxy = CE2E159D1DB5726700C3AA8F /* PBXContainerItemProxy */;
		};
		CE2E15A91DB5726700C3AA8F /* PBXTargetDependency */ = {
			isa = PBXTargetDependency;
			target = CE2E15841DB5726600C3AA8F /* NanoGirls */;
			targetProxy = CE2E15A81DB5726700C3AA8F /* PBXContainerItemProxy */;
		};
/* End PBXTargetDependency section */

/* Begin PBXVariantGroup section */
		CE2E158C1DB5726600C3AA8F /* Main.storyboard */ = {
			isa = PBXVariantGroup;
			children = (
				CE2E158D1DB5726600C3AA8F /* Base */,
			);
			name = Main.storyboard;
			sourceTree = "<group>";
		};
		CE2E15941DB5726700C3AA8F /* LaunchScreen.storyboard */ = {
			isa = PBXVariantGroup;
			children = (
				CE2E15951DB5726700C3AA8F /* Base */,
			);
			name = LaunchScreen.storyboard;
			sourceTree = "<group>";
		};
/* End PBXVariantGroup section */

/* Begin XCBuildConfiguration section */
		CE2E15AE1DB5726700C3AA8F /* Debug */ = {
			isa = XCBuildConfiguration;
			buildSettings = {
				ALWAYS_SEARCH_USER_PATHS = NO;
				CLANG_ANALYZER_NONNULL = YES;
				CLANG_CXX_LANGUAGE_STANDARD = "gnu++0x";
				CLANG_CXX_LIBRARY = "libc++";
				CLANG_ENABLE_MODULES = YES;
				CLANG_ENABLE_OBJC_ARC = YES;
				CLANG_WARN_BOOL_CONVERSION = YES;
				CLANG_WARN_CONSTANT_CONVERSION = YES;
				CLANG_WARN_DIRECT_OBJC_ISA_USAGE = YES_ERROR;
				CLANG_WARN_EMPTY_BODY = YES;
				CLANG_WARN_ENUM_CONVERSION = YES;
				CLANG_WARN_INFINITE_RECURSION = YES;
				CLANG_WARN_INT_CONVERSION = YES;
				CLANG_WARN_OBJC_ROOT_CLASS = YES_ERROR;
				CLANG_WARN_SUSPICIOUS_MOVE = YES;
				CLANG_WARN_UNREACHABLE_CODE = YES;
				CLANG_WARN__DUPLICATE_METHOD_MATCH = YES;
				CODE_SIGN_IDENTITY = "iPhone Developer";
				"CODE_SIGN_IDENTITY[sdk=iphoneos*]" = "iPhone Developer";
				COPY_PHASE_STRIP = NO;
				DEBUG_INFORMATION_FORMAT = dwarf;
				ENABLE_STRICT_OBJC_MSGSEND = YES;
				ENABLE_TESTABILITY = YES;
				GCC_C_LANGUAGE_STANDARD = gnu99;
				GCC_DYNAMIC_NO_PIC = NO;
				GCC_NO_COMMON_BLOCKS = YES;
				GCC_OPTIMIZATION_LEVEL = 0;
				GCC_PREPROCESSOR_DEFINITIONS = (
					"DEBUG=1",
					"$(inherited)",
				);
				GCC_WARN_64_TO_32_BIT_CONVERSION = YES;
				GCC_WARN_ABOUT_RETURN_TYPE = YES_ERROR;
				GCC_WARN_UNDECLARED_SELECTOR = YES;
				GCC_WARN_UNINITIALIZED_AUTOS = YES_AGGRESSIVE;
				GCC_WARN_UNUSED_FUNCTION = YES;
				GCC_WARN_UNUSED_VARIABLE = YES;
				IPHONEOS_DEPLOYMENT_TARGET = 8.0;
				MTL_ENABLE_DEBUG_INFO = YES;
				ONLY_ACTIVE_ARCH = YES;
				SDKROOT = iphoneos;
				SWIFT_OPTIMIZATION_LEVEL = "-Onone";
				TARGETED_DEVICE_FAMILY = "1,2";
			};
			name = Debug;
		};
		CE2E15AF1DB5726700C3AA8F /* Release */ = {
			isa = XCBuildConfiguration;
			buildSettings = {
				ALWAYS_SEARCH_USER_PATHS = NO;
				CLANG_ANALYZER_NONNULL = YES;
				CLANG_CXX_LANGUAGE_STANDARD = "gnu++0x";
				CLANG_CXX_LIBRARY = "libc++";
				CLANG_ENABLE_MODULES = YES;
				CLANG_ENABLE_OBJC_ARC = YES;
				CLANG_WARN_BOOL_CONVERSION = YES;
				CLANG_WARN_CONSTANT_CONVERSION = YES;
				CLANG_WARN_DIRECT_OBJC_ISA_USAGE = YES_ERROR;
				CLANG_WARN_EMPTY_BODY = YES;
				CLANG_WARN_ENUM_CONVERSION = YES;
				CLANG_WARN_INFINITE_RECURSION = YES;
				CLANG_WARN_INT_CONVERSION = YES;
				CLANG_WARN_OBJC_ROOT_CLASS = YES_ERROR;
				CLANG_WARN_SUSPICIOUS_MOVE = YES;
				CLANG_WARN_UNREACHABLE_CODE = YES;
				CLANG_WARN__DUPLICATE_METHOD_MATCH = YES;
				CODE_SIGN_IDENTITY = "iPhone Developer";
				"CODE_SIGN_IDENTITY[sdk=iphoneos*]" = "iPhone Developer";
				COPY_PHASE_STRIP = NO;
				DEBUG_INFORMATION_FORMAT = "dwarf-with-dsym";
				ENABLE_NS_ASSERTIONS = NO;
				ENABLE_STRICT_OBJC_MSGSEND = YES;
				GCC_C_LANGUAGE_STANDARD = gnu99;
				GCC_NO_COMMON_BLOCKS = YES;
				GCC_WARN_64_TO_32_BIT_CONVERSION = YES;
				GCC_WARN_ABOUT_RETURN_TYPE = YES_ERROR;
				GCC_WARN_UNDECLARED_SELECTOR = YES;
				GCC_WARN_UNINITIALIZED_AUTOS = YES_AGGRESSIVE;
				GCC_WARN_UNUSED_FUNCTION = YES;
				GCC_WARN_UNUSED_VARIABLE = YES;
				IPHONEOS_DEPLOYMENT_TARGET = 8.0;
				MTL_ENABLE_DEBUG_INFO = NO;
				SDKROOT = iphoneos;
				SWIFT_OPTIMIZATION_LEVEL = "-Owholemodule";
				TARGETED_DEVICE_FAMILY = "1,2";
				VALIDATE_PRODUCT = YES;
			};
			name = Release;
		};
		CE2E15B11DB5726700C3AA8F /* Debug */ = {
			isa = XCBuildConfiguration;
			baseConfigurationReference = FB9E9FA4E3A931FDF4D84313 /* Pods-NanoGirls.debug.xcconfig */;
			buildSettings = {
				ASSETCATALOG_COMPILER_APPICON_NAME = AppIcon;
				"CODE_SIGN_IDENTITY[sdk=iphoneos*]" = "iPhone Developer";
				DEVELOPMENT_TEAM = "";
				INFOPLIST_FILE = NanoGirls/Info.plist;
				LD_RUNPATH_SEARCH_PATHS = "$(inherited) @executable_path/Frameworks";
				PRODUCT_BUNDLE_IDENTIFIER = USC.NanoGirls;
				PRODUCT_NAME = "$(TARGET_NAME)";
				SWIFT_VERSION = 3.0;
			};
			name = Debug;
		};
		CE2E15B21DB5726700C3AA8F /* Release */ = {
			isa = XCBuildConfiguration;
			baseConfigurationReference = C03543DCD4C4BF6E5AD361B0 /* Pods-NanoGirls.release.xcconfig */;
			buildSettings = {
				ASSETCATALOG_COMPILER_APPICON_NAME = AppIcon;
				"CODE_SIGN_IDENTITY[sdk=iphoneos*]" = "iPhone Developer";
				DEVELOPMENT_TEAM = "";
				INFOPLIST_FILE = NanoGirls/Info.plist;
				LD_RUNPATH_SEARCH_PATHS = "$(inherited) @executable_path/Frameworks";
				PRODUCT_BUNDLE_IDENTIFIER = USC.NanoGirls;
				PRODUCT_NAME = "$(TARGET_NAME)";
				SWIFT_VERSION = 3.0;
			};
			name = Release;
		};
		CE2E15B41DB5726700C3AA8F /* Debug */ = {
			isa = XCBuildConfiguration;
			baseConfigurationReference = 4F75C7E6B4FCCB386F607957 /* Pods-NanoGirlsTests.debug.xcconfig */;
			buildSettings = {
				BUNDLE_LOADER = "$(TEST_HOST)";
				"CODE_SIGN_IDENTITY[sdk=iphoneos*]" = "iPhone Developer";
				DEVELOPMENT_TEAM = M28H52F7BW;
				INFOPLIST_FILE = NanoGirlsTests/Info.plist;
				LD_RUNPATH_SEARCH_PATHS = "$(inherited) @executable_path/Frameworks @loader_path/Frameworks";
				PRODUCT_BUNDLE_IDENTIFIER = USC.NanoGirlsTests;
				PRODUCT_NAME = "$(TARGET_NAME)";
				SWIFT_VERSION = 3.0;
				TEST_HOST = "$(BUILT_PRODUCTS_DIR)/NanoGirls.app/NanoGirls";
			};
			name = Debug;
		};
		CE2E15B51DB5726700C3AA8F /* Release */ = {
			isa = XCBuildConfiguration;
			baseConfigurationReference = 10ED48EC7D1B147DF17C3F42 /* Pods-NanoGirlsTests.release.xcconfig */;
			buildSettings = {
				BUNDLE_LOADER = "$(TEST_HOST)";
				"CODE_SIGN_IDENTITY[sdk=iphoneos*]" = "iPhone Developer";
				DEVELOPMENT_TEAM = M28H52F7BW;
				INFOPLIST_FILE = NanoGirlsTests/Info.plist;
				LD_RUNPATH_SEARCH_PATHS = "$(inherited) @executable_path/Frameworks @loader_path/Frameworks";
				PRODUCT_BUNDLE_IDENTIFIER = USC.NanoGirlsTests;
				PRODUCT_NAME = "$(TARGET_NAME)";
				SWIFT_VERSION = 3.0;
				TEST_HOST = "$(BUILT_PRODUCTS_DIR)/NanoGirls.app/NanoGirls";
			};
			name = Release;
		};
		CE2E15B71DB5726700C3AA8F /* Debug */ = {
			isa = XCBuildConfiguration;
			baseConfigurationReference = 5FA3351D94E4BE04E7E4987A /* Pods-NanoGirlsUITests.debug.xcconfig */;
			buildSettings = {
				"CODE_SIGN_IDENTITY[sdk=iphoneos*]" = "iPhone Developer";
				DEVELOPMENT_TEAM = M28H52F7BW;
				INFOPLIST_FILE = NanoGirlsUITests/Info.plist;
				LD_RUNPATH_SEARCH_PATHS = "$(inherited) @executable_path/Frameworks @loader_path/Frameworks";
				PRODUCT_BUNDLE_IDENTIFIER = USC.NanoGirlsUITests;
				PRODUCT_NAME = "$(TARGET_NAME)";
				SWIFT_VERSION = 3.0;
				TEST_TARGET_NAME = NanoGirls;
			};
			name = Debug;
		};
		CE2E15B81DB5726700C3AA8F /* Release */ = {
			isa = XCBuildConfiguration;
			baseConfigurationReference = B88E43DAA43710B7FD0CD618 /* Pods-NanoGirlsUITests.release.xcconfig */;
			buildSettings = {
				"CODE_SIGN_IDENTITY[sdk=iphoneos*]" = "iPhone Developer";
				DEVELOPMENT_TEAM = M28H52F7BW;
				INFOPLIST_FILE = NanoGirlsUITests/Info.plist;
				LD_RUNPATH_SEARCH_PATHS = "$(inherited) @executable_path/Frameworks @loader_path/Frameworks";
				PRODUCT_BUNDLE_IDENTIFIER = USC.NanoGirlsUITests;
				PRODUCT_NAME = "$(TARGET_NAME)";
				SWIFT_VERSION = 3.0;
				TEST_TARGET_NAME = NanoGirls;
			};
			name = Release;
		};
/* End XCBuildConfiguration section */

/* Begin XCConfigurationList section */
		CE2E15801DB5726600C3AA8F /* Build configuration list for PBXProject "NanoGirls" */ = {
			isa = XCConfigurationList;
			buildConfigurations = (
				CE2E15AE1DB5726700C3AA8F /* Debug */,
				CE2E15AF1DB5726700C3AA8F /* Release */,
			);
			defaultConfigurationIsVisible = 0;
			defaultConfigurationName = Release;
		};
		CE2E15B01DB5726700C3AA8F /* Build configuration list for PBXNativeTarget "NanoGirls" */ = {
			isa = XCConfigurationList;
			buildConfigurations = (
				CE2E15B11DB5726700C3AA8F /* Debug */,
				CE2E15B21DB5726700C3AA8F /* Release */,
			);
			defaultConfigurationIsVisible = 0;
			defaultConfigurationName = Release;
		};
		CE2E15B31DB5726700C3AA8F /* Build configuration list for PBXNativeTarget "NanoGirlsTests" */ = {
			isa = XCConfigurationList;
			buildConfigurations = (
				CE2E15B41DB5726700C3AA8F /* Debug */,
				CE2E15B51DB5726700C3AA8F /* Release */,
			);
			defaultConfigurationIsVisible = 0;
			defaultConfigurationName = Release;
		};
		CE2E15B61DB5726700C3AA8F /* Build configuration list for PBXNativeTarget "NanoGirlsUITests" */ = {
			isa = XCConfigurationList;
			buildConfigurations = (
				CE2E15B71DB5726700C3AA8F /* Debug */,
				CE2E15B81DB5726700C3AA8F /* Release */,
			);
			defaultConfigurationIsVisible = 0;
			defaultConfigurationName = Release;
		};
/* End XCConfigurationList section */

/* Begin XCVersionGroup section */
		CE2E158F1DB5726700C3AA8F /* NanoGirls.xcdatamodeld */ = {
			isa = XCVersionGroup;
			children = (
				CE2E15901DB5726700C3AA8F /* NanoGirls.xcdatamodel */,
			);
			currentVersion = CE2E15901DB5726700C3AA8F /* NanoGirls.xcdatamodel */;
			path = NanoGirls.xcdatamodeld;
			sourceTree = "<group>";
			versionGroupType = wrapper.xcdatamodel;
		};
/* End XCVersionGroup section */
	};
	rootObject = CE2E157D1DB5726600C3AA8F /* Project object */;
}
